
Microsoft Visual Studio Solution File, Format Version 12.00
# Visual Studio Version 16
VisualStudioVersion = 16.0.34407.143
MinimumVisualStudioVersion = 10.0.40219.1
Project("{FAE04EC0-301F-11D3-BF4B-00C04F79EFBC}") = "LinearAlgorithms", "LinearAlgorithms\LinearAlgorithms.csproj", "{371BF2E5-BCDC-4B7E-B4EC-D0B58A59BED7}"
EndProject
Global
	GlobalSection(SolutionConfigurationPlatforms) = preSolution
		Debug|Any CPU = Debug|Any CPU
		Release|Any CPU = Release|Any CPU
	EndGlobalSection
	GlobalSection(ProjectConfigurationPlatforms) = postSolution
		{371BF2E5-BCDC-4B7E-B4EC-D0B58A59BED7}.Debug|Any CPU.ActiveCfg = Debug|Any CPU
		{371BF2E5-BCDC-4B7E-B4EC-D0B58A59BED7}.Debug|Any CPU.Build.0 = Debug|Any CPU
		{371BF2E5-BCDC-4B7E-B4EC-D0B58A59BED7}.Release|Any CPU.ActiveCfg = Release|Any CPU
		{371BF2E5-BCDC-4B7E-B4EC-D0B58A59BED7}.Release|Any CPU.Build.0 = Release|Any CPU
	EndGlobalSection
	GlobalSection(SolutionProperties) = preSolution
		HideSolutionNode = FALSE
	EndGlobalSection
	GlobalSection(ExtensibilityGlobals) = postSolution
		SolutionGuid = {316FEE78-7498-4FDE-9657-CEE1E45D1F2D}
	EndGlobalSection
EndGlobal
